// !$*UTF8*$!
{
	archiveVersion = 1;
	classes = {
	};
	objectVersion = 56;
	objects = {

/* Begin PBXBuildFile section */
		1D5962882A192CE30050979A /* HomeView.swift in Sources */ = {isa = PBXBuildFile; fileRef = 1D5962872A192CE30050979A /* HomeView.swift */; };
		2AB74F822A190DEF005D5932 /* Check.swift in Sources */ = {isa = PBXBuildFile; fileRef = 2AB74F812A190DEF005D5932 /* Check.swift */; };
		2AB74F842A191175005D5932 /* CheckTableViewCell.swift in Sources */ = {isa = PBXBuildFile; fileRef = 2AB74F832A191175005D5932 /* CheckTableViewCell.swift */; };
		D24F42662A18C94B00487260 /* UIFont+.swift in Sources */ = {isa = PBXBuildFile; fileRef = D24F42652A18C94B00487260 /* UIFont+.swift */; };
		D24F42692A18CA4500487260 /* Pretendard-Bold.otf in Resources */ = {isa = PBXBuildFile; fileRef = D24F42682A18CA4500487260 /* Pretendard-Bold.otf */; };
		D24F426B2A18CA5D00487260 /* Pretendard-Medium.otf in Resources */ = {isa = PBXBuildFile; fileRef = D24F426A2A18CA5D00487260 /* Pretendard-Medium.otf */; };
		D263D8A92A18F813002BEEF5 /* TabbarViewController.swift in Sources */ = {isa = PBXBuildFile; fileRef = D263D8A82A18F813002BEEF5 /* TabbarViewController.swift */; };
		D263D8AE2A18F86C002BEEF5 /* CheckViewController.swift in Sources */ = {isa = PBXBuildFile; fileRef = D263D8AD2A18F86C002BEEF5 /* CheckViewController.swift */; };
		D263D8B02A18F879002BEEF5 /* PayViewController.swift in Sources */ = {isa = PBXBuildFile; fileRef = D263D8AF2A18F879002BEEF5 /* PayViewController.swift */; };
		D263D8B22A18F883002BEEF5 /* HomeViewController.swift in Sources */ = {isa = PBXBuildFile; fileRef = D263D8B12A18F883002BEEF5 /* HomeViewController.swift */; };
		D294E2962A17D55B001E74F1 /* AppDelegate.swift in Sources */ = {isa = PBXBuildFile; fileRef = D294E2952A17D55B001E74F1 /* AppDelegate.swift */; };
		D294E2982A17D55B001E74F1 /* SceneDelegate.swift in Sources */ = {isa = PBXBuildFile; fileRef = D294E2972A17D55B001E74F1 /* SceneDelegate.swift */; };
		D294E29A2A17D55B001E74F1 /* ViewController.swift in Sources */ = {isa = PBXBuildFile; fileRef = D294E2992A17D55B001E74F1 /* ViewController.swift */; };
		D294E29D2A17D55B001E74F1 /* Main.storyboard in Resources */ = {isa = PBXBuildFile; fileRef = D294E29B2A17D55B001E74F1 /* Main.storyboard */; };
		D294E29F2A17D55D001E74F1 /* Assets.xcassets in Resources */ = {isa = PBXBuildFile; fileRef = D294E29E2A17D55D001E74F1 /* Assets.xcassets */; };
		D294E2A22A17D55D001E74F1 /* LaunchScreen.storyboard in Resources */ = {isa = PBXBuildFile; fileRef = D294E2A02A17D55D001E74F1 /* LaunchScreen.storyboard */; };
		D294E2AD2A17D884001E74F1 /* SnapKit in Frameworks */ = {isa = PBXBuildFile; productRef = D294E2AC2A17D884001E74F1 /* SnapKit */; };
		D294E2B02A17D88E001E74F1 /* Then in Frameworks */ = {isa = PBXBuildFile; productRef = D294E2AF2A17D88E001E74F1 /* Then */; };
		D294E2B32A17D898001E74F1 /* Alamofire in Frameworks */ = {isa = PBXBuildFile; productRef = D294E2B22A17D898001E74F1 /* Alamofire */; };
		D294E2B62A17D8A2001E74F1 /* Kingfisher in Frameworks */ = {isa = PBXBuildFile; productRef = D294E2B52A17D8A2001E74F1 /* Kingfisher */; };
		D294E2BE2A17DC83001E74F1 /* GenericResponse.swift in Sources */ = {isa = PBXBuildFile; fileRef = D294E2BD2A17DC83001E74F1 /* GenericResponse.swift */; };
		D294E2C02A17DC95001E74F1 /* SimpleResponse.swift in Sources */ = {isa = PBXBuildFile; fileRef = D294E2BF2A17DC95001E74F1 /* SimpleResponse.swift */; };
		D294E2C22A17DCB7001E74F1 /* BaseAPI.swift in Sources */ = {isa = PBXBuildFile; fileRef = D294E2C12A17DCB7001E74F1 /* BaseAPI.swift */; };
		D294E2C42A17DCD1001E74F1 /* APIConstants.swift in Sources */ = {isa = PBXBuildFile; fileRef = D294E2C32A17DCD1001E74F1 /* APIConstants.swift */; };
		D294E2C62A17DCE5001E74F1 /* NetworkResult.swift in Sources */ = {isa = PBXBuildFile; fileRef = D294E2C52A17DCE5001E74F1 /* NetworkResult.swift */; };
		D294E2C82A17DCFF001E74F1 /* BaseTargetType.swift in Sources */ = {isa = PBXBuildFile; fileRef = D294E2C72A17DCFF001E74F1 /* BaseTargetType.swift */; };
		D294E2CA2A17DD11001E74F1 /* AlamofireLogger.swift in Sources */ = {isa = PBXBuildFile; fileRef = D294E2C92A17DD11001E74F1 /* AlamofireLogger.swift */; };
		D294E2CC2A17DD3A001E74F1 /* Config.swift in Sources */ = {isa = PBXBuildFile; fileRef = D294E2CB2A17DD3A001E74F1 /* Config.swift */; };
		D294E2D02A17DD99001E74F1 /* VoidResult.swift in Sources */ = {isa = PBXBuildFile; fileRef = D294E2CF2A17DD99001E74F1 /* VoidResult.swift */; };
		D294E2D42A17DE23001E74F1 /* BaseViewController.swift in Sources */ = {isa = PBXBuildFile; fileRef = D294E2D32A17DE23001E74F1 /* BaseViewController.swift */; };
		D294E2D82A17DE76001E74F1 /* UIView+.swift in Sources */ = {isa = PBXBuildFile; fileRef = D294E2D72A17DE76001E74F1 /* UIView+.swift */; };
		D294E2DA2A17DE85001E74F1 /* UIViewController+.swift in Sources */ = {isa = PBXBuildFile; fileRef = D294E2D92A17DE85001E74F1 /* UIViewController+.swift */; };
		D294E2DC2A17DE9D001E74F1 /* UITableViewCell+.swift in Sources */ = {isa = PBXBuildFile; fileRef = D294E2DB2A17DE9D001E74F1 /* UITableViewCell+.swift */; };
		D294E2DE2A17DEBB001E74F1 /* UITextField+.swift in Sources */ = {isa = PBXBuildFile; fileRef = D294E2DD2A17DEBB001E74F1 /* UITextField+.swift */; };
		D294E2E02A17DED6001E74F1 /* UIColor+.swift in Sources */ = {isa = PBXBuildFile; fileRef = D294E2DF2A17DED6001E74F1 /* UIColor+.swift */; };
		D294E2E22A17DEE8001E74F1 /* UILabel+.swift in Sources */ = {isa = PBXBuildFile; fileRef = D294E2E12A17DEE8001E74F1 /* UILabel+.swift */; };
		D294E2E42A17DEFB001E74F1 /* UIButton+.swift in Sources */ = {isa = PBXBuildFile; fileRef = D294E2E32A17DEFB001E74F1 /* UIButton+.swift */; };
		D294E2E62A17DF17001E74F1 /* UIImageView+.swift in Sources */ = {isa = PBXBuildFile; fileRef = D294E2E52A17DF17001E74F1 /* UIImageView+.swift */; };
		D294E2E82A17DF2F001E74F1 /* UITableHeaderFooterView+.swift in Sources */ = {isa = PBXBuildFile; fileRef = D294E2E72A17DF2F001E74F1 /* UITableHeaderFooterView+.swift */; };
		D294E2EA2A17DF43001E74F1 /* UICollectionViewCell+.swift in Sources */ = {isa = PBXBuildFile; fileRef = D294E2E92A17DF43001E74F1 /* UICollectionViewCell+.swift */; };
		D294E2EC2A17DF5A001E74F1 /* UICollectionReusableView+.swift in Sources */ = {isa = PBXBuildFile; fileRef = D294E2EB2A17DF5A001E74F1 /* UICollectionReusableView+.swift */; };
		D294E2EF2A17DFAE001E74F1 /* Image.swift in Sources */ = {isa = PBXBuildFile; fileRef = D294E2EE2A17DFAE001E74F1 /* Image.swift */; };
		D294E2F12A17DFCA001E74F1 /* URLs.swift in Sources */ = {isa = PBXBuildFile; fileRef = D294E2F02A17DFCA001E74F1 /* URLs.swift */; };
/* End PBXBuildFile section */

/* Begin PBXFileReference section */
		1D5962872A192CE30050979A /* HomeView.swift */ = {isa = PBXFileReference; lastKnownFileType = sourcecode.swift; path = HomeView.swift; sourceTree = "<group>"; };
		2AB74F812A190DEF005D5932 /* Check.swift */ = {isa = PBXFileReference; lastKnownFileType = sourcecode.swift; path = Check.swift; sourceTree = "<group>"; };
		2AB74F832A191175005D5932 /* CheckTableViewCell.swift */ = {isa = PBXFileReference; lastKnownFileType = sourcecode.swift; path = CheckTableViewCell.swift; sourceTree = "<group>"; };
		D24F42652A18C94B00487260 /* UIFont+.swift */ = {isa = PBXFileReference; lastKnownFileType = sourcecode.swift; path = "UIFont+.swift"; sourceTree = "<group>"; };
		D24F42682A18CA4500487260 /* Pretendard-Bold.otf */ = {isa = PBXFileReference; lastKnownFileType = file; path = "Pretendard-Bold.otf"; sourceTree = "<group>"; };
		D24F426A2A18CA5D00487260 /* Pretendard-Medium.otf */ = {isa = PBXFileReference; lastKnownFileType = file; path = "Pretendard-Medium.otf"; sourceTree = "<group>"; };
		D263D8A82A18F813002BEEF5 /* TabbarViewController.swift */ = {isa = PBXFileReference; lastKnownFileType = sourcecode.swift; path = TabbarViewController.swift; sourceTree = "<group>"; };
		D263D8AD2A18F86C002BEEF5 /* CheckViewController.swift */ = {isa = PBXFileReference; lastKnownFileType = sourcecode.swift; path = CheckViewController.swift; sourceTree = "<group>"; };
		D263D8AF2A18F879002BEEF5 /* PayViewController.swift */ = {isa = PBXFileReference; lastKnownFileType = sourcecode.swift; path = PayViewController.swift; sourceTree = "<group>"; };
		D263D8B12A18F883002BEEF5 /* HomeViewController.swift */ = {isa = PBXFileReference; lastKnownFileType = sourcecode.swift; path = HomeViewController.swift; sourceTree = "<group>"; };
		D294E2922A17D55B001E74F1 /* iOS.app */ = {isa = PBXFileReference; explicitFileType = wrapper.application; includeInIndex = 0; path = iOS.app; sourceTree = BUILT_PRODUCTS_DIR; };
		D294E2952A17D55B001E74F1 /* AppDelegate.swift */ = {isa = PBXFileReference; lastKnownFileType = sourcecode.swift; path = AppDelegate.swift; sourceTree = "<group>"; };
		D294E2972A17D55B001E74F1 /* SceneDelegate.swift */ = {isa = PBXFileReference; lastKnownFileType = sourcecode.swift; path = SceneDelegate.swift; sourceTree = "<group>"; };
		D294E2992A17D55B001E74F1 /* ViewController.swift */ = {isa = PBXFileReference; lastKnownFileType = sourcecode.swift; path = ViewController.swift; sourceTree = "<group>"; };
		D294E29C2A17D55B001E74F1 /* Base */ = {isa = PBXFileReference; lastKnownFileType = file.storyboard; name = Base; path = Base.lproj/Main.storyboard; sourceTree = "<group>"; };
		D294E29E2A17D55D001E74F1 /* Assets.xcassets */ = {isa = PBXFileReference; lastKnownFileType = folder.assetcatalog; path = Assets.xcassets; sourceTree = "<group>"; };
		D294E2A12A17D55D001E74F1 /* Base */ = {isa = PBXFileReference; lastKnownFileType = file.storyboard; name = Base; path = Base.lproj/LaunchScreen.storyboard; sourceTree = "<group>"; };
		D294E2A32A17D55D001E74F1 /* Info.plist */ = {isa = PBXFileReference; lastKnownFileType = text.plist.xml; path = Info.plist; sourceTree = "<group>"; };
		D294E2BD2A17DC83001E74F1 /* GenericResponse.swift */ = {isa = PBXFileReference; lastKnownFileType = sourcecode.swift; path = GenericResponse.swift; sourceTree = "<group>"; };
		D294E2BF2A17DC95001E74F1 /* SimpleResponse.swift */ = {isa = PBXFileReference; lastKnownFileType = sourcecode.swift; path = SimpleResponse.swift; sourceTree = "<group>"; };
		D294E2C12A17DCB7001E74F1 /* BaseAPI.swift */ = {isa = PBXFileReference; lastKnownFileType = sourcecode.swift; path = BaseAPI.swift; sourceTree = "<group>"; };
		D294E2C32A17DCD1001E74F1 /* APIConstants.swift */ = {isa = PBXFileReference; lastKnownFileType = sourcecode.swift; path = APIConstants.swift; sourceTree = "<group>"; };
		D294E2C52A17DCE5001E74F1 /* NetworkResult.swift */ = {isa = PBXFileReference; lastKnownFileType = sourcecode.swift; path = NetworkResult.swift; sourceTree = "<group>"; };
		D294E2C72A17DCFF001E74F1 /* BaseTargetType.swift */ = {isa = PBXFileReference; lastKnownFileType = sourcecode.swift; path = BaseTargetType.swift; sourceTree = "<group>"; };
		D294E2C92A17DD11001E74F1 /* AlamofireLogger.swift */ = {isa = PBXFileReference; lastKnownFileType = sourcecode.swift; path = AlamofireLogger.swift; sourceTree = "<group>"; };
		D294E2CB2A17DD3A001E74F1 /* Config.swift */ = {isa = PBXFileReference; lastKnownFileType = sourcecode.swift; path = Config.swift; sourceTree = "<group>"; };
		D294E2CF2A17DD99001E74F1 /* VoidResult.swift */ = {isa = PBXFileReference; lastKnownFileType = sourcecode.swift; path = VoidResult.swift; sourceTree = "<group>"; };
		D294E2D32A17DE23001E74F1 /* BaseViewController.swift */ = {isa = PBXFileReference; lastKnownFileType = sourcecode.swift; path = BaseViewController.swift; sourceTree = "<group>"; };
		D294E2D72A17DE76001E74F1 /* UIView+.swift */ = {isa = PBXFileReference; lastKnownFileType = sourcecode.swift; path = "UIView+.swift"; sourceTree = "<group>"; };
		D294E2D92A17DE85001E74F1 /* UIViewController+.swift */ = {isa = PBXFileReference; lastKnownFileType = sourcecode.swift; path = "UIViewController+.swift"; sourceTree = "<group>"; };
		D294E2DB2A17DE9D001E74F1 /* UITableViewCell+.swift */ = {isa = PBXFileReference; lastKnownFileType = sourcecode.swift; path = "UITableViewCell+.swift"; sourceTree = "<group>"; };
		D294E2DD2A17DEBB001E74F1 /* UITextField+.swift */ = {isa = PBXFileReference; lastKnownFileType = sourcecode.swift; path = "UITextField+.swift"; sourceTree = "<group>"; };
		D294E2DF2A17DED6001E74F1 /* UIColor+.swift */ = {isa = PBXFileReference; lastKnownFileType = sourcecode.swift; path = "UIColor+.swift"; sourceTree = "<group>"; };
		D294E2E12A17DEE8001E74F1 /* UILabel+.swift */ = {isa = PBXFileReference; lastKnownFileType = sourcecode.swift; path = "UILabel+.swift"; sourceTree = "<group>"; };
		D294E2E32A17DEFB001E74F1 /* UIButton+.swift */ = {isa = PBXFileReference; lastKnownFileType = sourcecode.swift; path = "UIButton+.swift"; sourceTree = "<group>"; };
		D294E2E52A17DF17001E74F1 /* UIImageView+.swift */ = {isa = PBXFileReference; lastKnownFileType = sourcecode.swift; path = "UIImageView+.swift"; sourceTree = "<group>"; };
		D294E2E72A17DF2F001E74F1 /* UITableHeaderFooterView+.swift */ = {isa = PBXFileReference; lastKnownFileType = sourcecode.swift; path = "UITableHeaderFooterView+.swift"; sourceTree = "<group>"; };
		D294E2E92A17DF43001E74F1 /* UICollectionViewCell+.swift */ = {isa = PBXFileReference; lastKnownFileType = sourcecode.swift; path = "UICollectionViewCell+.swift"; sourceTree = "<group>"; };
		D294E2EB2A17DF5A001E74F1 /* UICollectionReusableView+.swift */ = {isa = PBXFileReference; lastKnownFileType = sourcecode.swift; path = "UICollectionReusableView+.swift"; sourceTree = "<group>"; };
		D294E2EE2A17DFAE001E74F1 /* Image.swift */ = {isa = PBXFileReference; lastKnownFileType = sourcecode.swift; path = Image.swift; sourceTree = "<group>"; };
		D294E2F02A17DFCA001E74F1 /* URLs.swift */ = {isa = PBXFileReference; lastKnownFileType = sourcecode.swift; path = URLs.swift; sourceTree = "<group>"; };
/* End PBXFileReference section */

/* Begin PBXFrameworksBuildPhase section */
		D294E28F2A17D55B001E74F1 /* Frameworks */ = {
			isa = PBXFrameworksBuildPhase;
			buildActionMask = 2147483647;
			files = (
				D294E2B62A17D8A2001E74F1 /* Kingfisher in Frameworks */,
				D294E2B32A17D898001E74F1 /* Alamofire in Frameworks */,
				D294E2AD2A17D884001E74F1 /* SnapKit in Frameworks */,
				D294E2B02A17D88E001E74F1 /* Then in Frameworks */,
			);
			runOnlyForDeploymentPostprocessing = 0;
		};
/* End PBXFrameworksBuildPhase section */

/* Begin PBXGroup section */
		1D5962862A192CD60050979A /* View */ = {
			isa = PBXGroup;
			children = (
				1D5962872A192CE30050979A /* HomeView.swift */,
			);
			path = View;
			sourceTree = "<group>";
		};
		2AB74F802A190DE0005D5932 /* Check */ = {
			isa = PBXGroup;
			children = (
				2AB74F812A190DEF005D5932 /* Check.swift */,
			);
			path = Check;
			sourceTree = "<group>";
		};
		D24F42672A18CA2500487260 /* Font */ = {
			isa = PBXGroup;
			children = (
				D24F426A2A18CA5D00487260 /* Pretendard-Medium.otf */,
				D24F42682A18CA4500487260 /* Pretendard-Bold.otf */,
			);
			path = Font;
			sourceTree = "<group>";
		};
		D263D8AA2A18F83B002BEEF5 /* Home */ = {
			isa = PBXGroup;
			children = (
				1D5962862A192CD60050979A /* View */,
				D263D8B12A18F883002BEEF5 /* HomeViewController.swift */,
			);
			path = Home;
			sourceTree = "<group>";
		};
		D263D8AB2A18F843002BEEF5 /* Pay */ = {
			isa = PBXGroup;
			children = (
				D263D8AF2A18F879002BEEF5 /* PayViewController.swift */,
			);
			path = Pay;
			sourceTree = "<group>";
		};
		D263D8AC2A18F860002BEEF5 /* Check */ = {
			isa = PBXGroup;
			children = (
				D263D8AD2A18F86C002BEEF5 /* CheckViewController.swift */,
				2AB74F832A191175005D5932 /* CheckTableViewCell.swift */,
			);
			path = Check;
			sourceTree = "<group>";
		};
		D294E2892A17D55B001E74F1 = {
			isa = PBXGroup;
			children = (
				D294E2942A17D55B001E74F1 /* iOS */,
				D294E2932A17D55B001E74F1 /* Products */,
			);
			sourceTree = "<group>";
		};
		D294E2932A17D55B001E74F1 /* Products */ = {
			isa = PBXGroup;
			children = (
				D294E2922A17D55B001E74F1 /* iOS.app */,
			);
			name = Products;
			sourceTree = "<group>";
		};
		D294E2942A17D55B001E74F1 /* iOS */ = {
			isa = PBXGroup;
			children = (
				D294E2D52A17DE5B001E74F1 /* Global */,
				D294E2CD2A17DD82001E74F1 /* Data */,
				D294E2BB2A17DBFD001E74F1 /* Network */,
				D294E2B92A17DBEE001E74F1 /* Presentation */,
				D294E2B82A17DA60001E74F1 /* Resource */,
				D294E2B72A17DA4E001E74F1 /* Application */,
				D294E2992A17D55B001E74F1 /* ViewController.swift */,
				D294E29B2A17D55B001E74F1 /* Main.storyboard */,
				D294E2A02A17D55D001E74F1 /* LaunchScreen.storyboard */,
				D294E2A32A17D55D001E74F1 /* Info.plist */,
			);
			path = iOS;
			sourceTree = "<group>";
		};
		D294E2B72A17DA4E001E74F1 /* Application */ = {
			isa = PBXGroup;
			children = (
				D294E2972A17D55B001E74F1 /* SceneDelegate.swift */,
				D294E2952A17D55B001E74F1 /* AppDelegate.swift */,
			);
			path = Application;
			sourceTree = "<group>";
		};
		D294E2B82A17DA60001E74F1 /* Resource */ = {
			isa = PBXGroup;
			children = (
				D24F42672A18CA2500487260 /* Font */,
				D294E29E2A17D55D001E74F1 /* Assets.xcassets */,
			);
			path = Resource;
			sourceTree = "<group>";
		};
		D294E2B92A17DBEE001E74F1 /* Presentation */ = {
			isa = PBXGroup;
			children = (
				D263D8AC2A18F860002BEEF5 /* Check */,
				D263D8AB2A18F843002BEEF5 /* Pay */,
				D263D8AA2A18F83B002BEEF5 /* Home */,
				D294E2D22A17DE19001E74F1 /* Base */,
			);
			path = Presentation;
			sourceTree = "<group>";
		};
		D294E2BB2A17DBFD001E74F1 /* Network */ = {
			isa = PBXGroup;
			children = (
				D294E2BC2A17DC43001E74F1 /* Foundation */,
			);
			path = Network;
			sourceTree = "<group>";
		};
		D294E2BC2A17DC43001E74F1 /* Foundation */ = {
			isa = PBXGroup;
			children = (
				D294E2BD2A17DC83001E74F1 /* GenericResponse.swift */,
				D294E2BF2A17DC95001E74F1 /* SimpleResponse.swift */,
				D294E2C12A17DCB7001E74F1 /* BaseAPI.swift */,
				D294E2C32A17DCD1001E74F1 /* APIConstants.swift */,
				D294E2C52A17DCE5001E74F1 /* NetworkResult.swift */,
				D294E2C72A17DCFF001E74F1 /* BaseTargetType.swift */,
				D294E2C92A17DD11001E74F1 /* AlamofireLogger.swift */,
				D294E2CB2A17DD3A001E74F1 /* Config.swift */,
			);
			path = Foundation;
			sourceTree = "<group>";
		};
		D294E2CD2A17DD82001E74F1 /* Data */ = {
			isa = PBXGroup;
			children = (
				2AB74F802A190DE0005D5932 /* Check */,
				D294E2CE2A17DD8B001E74F1 /* Common */,
			);
			path = Data;
			sourceTree = "<group>";
		};
		D294E2CE2A17DD8B001E74F1 /* Common */ = {
			isa = PBXGroup;
			children = (
				D294E2CF2A17DD99001E74F1 /* VoidResult.swift */,
			);
			path = Common;
			sourceTree = "<group>";
		};
		D294E2D22A17DE19001E74F1 /* Base */ = {
			isa = PBXGroup;
			children = (
				D294E2D32A17DE23001E74F1 /* BaseViewController.swift */,
				D263D8A82A18F813002BEEF5 /* TabbarViewController.swift */,
			);
			path = Base;
			sourceTree = "<group>";
		};
		D294E2D52A17DE5B001E74F1 /* Global */ = {
			isa = PBXGroup;
			children = (
				D294E2ED2A17DFA4001E74F1 /* Constant */,
				D294E2D62A17DE62001E74F1 /* Extension */,
			);
			path = Global;
			sourceTree = "<group>";
		};
		D294E2D62A17DE62001E74F1 /* Extension */ = {
			isa = PBXGroup;
			children = (
				D294E2D72A17DE76001E74F1 /* UIView+.swift */,
				D294E2D92A17DE85001E74F1 /* UIViewController+.swift */,
				D294E2DB2A17DE9D001E74F1 /* UITableViewCell+.swift */,
				D294E2DD2A17DEBB001E74F1 /* UITextField+.swift */,
				D294E2DF2A17DED6001E74F1 /* UIColor+.swift */,
				D294E2E12A17DEE8001E74F1 /* UILabel+.swift */,
				D294E2E32A17DEFB001E74F1 /* UIButton+.swift */,
				D294E2E52A17DF17001E74F1 /* UIImageView+.swift */,
				D294E2E72A17DF2F001E74F1 /* UITableHeaderFooterView+.swift */,
				D294E2E92A17DF43001E74F1 /* UICollectionViewCell+.swift */,
				D294E2EB2A17DF5A001E74F1 /* UICollectionReusableView+.swift */,
				D24F42652A18C94B00487260 /* UIFont+.swift */,
			);
			path = Extension;
			sourceTree = "<group>";
		};
		D294E2ED2A17DFA4001E74F1 /* Constant */ = {
			isa = PBXGroup;
			children = (
				D294E2F02A17DFCA001E74F1 /* URLs.swift */,
				D294E2EE2A17DFAE001E74F1 /* Image.swift */,
			);
			path = Constant;
			sourceTree = "<group>";
		};
/* End PBXGroup section */

/* Begin PBXNativeTarget section */
		D294E2912A17D55B001E74F1 /* iOS */ = {
			isa = PBXNativeTarget;
			buildConfigurationList = D294E2A62A17D55D001E74F1 /* Build configuration list for PBXNativeTarget "iOS" */;
			buildPhases = (
				D294E28E2A17D55B001E74F1 /* Sources */,
				D294E28F2A17D55B001E74F1 /* Frameworks */,
				D294E2902A17D55B001E74F1 /* Resources */,
			);
			buildRules = (
			);
			dependencies = (
			);
			name = iOS;
			packageProductDependencies = (
				D294E2AC2A17D884001E74F1 /* SnapKit */,
				D294E2AF2A17D88E001E74F1 /* Then */,
				D294E2B22A17D898001E74F1 /* Alamofire */,
				D294E2B52A17D8A2001E74F1 /* Kingfisher */,
			);
			productName = iOS;
			productReference = D294E2922A17D55B001E74F1 /* iOS.app */;
			productType = "com.apple.product-type.application";
		};
/* End PBXNativeTarget section */

/* Begin PBXProject section */
		D294E28A2A17D55B001E74F1 /* Project object */ = {
			isa = PBXProject;
			attributes = {
				BuildIndependentTargetsInParallel = 1;
				LastSwiftUpdateCheck = 1420;
				LastUpgradeCheck = 1420;
				TargetAttributes = {
					D294E2912A17D55B001E74F1 = {
						CreatedOnToolsVersion = 14.2;
					};
				};
			};
			buildConfigurationList = D294E28D2A17D55B001E74F1 /* Build configuration list for PBXProject "iOS" */;
			compatibilityVersion = "Xcode 14.0";
			developmentRegion = en;
			hasScannedForEncodings = 0;
			knownRegions = (
				en,
				Base,
			);
			mainGroup = D294E2892A17D55B001E74F1;
			packageReferences = (
				D294E2AB2A17D884001E74F1 /* XCRemoteSwiftPackageReference "SnapKit" */,
				D294E2AE2A17D88E001E74F1 /* XCRemoteSwiftPackageReference "Then" */,
				D294E2B12A17D898001E74F1 /* XCRemoteSwiftPackageReference "Alamofire" */,
				D294E2B42A17D8A2001E74F1 /* XCRemoteSwiftPackageReference "Kingfisher" */,
			);
			productRefGroup = D294E2932A17D55B001E74F1 /* Products */;
			projectDirPath = "";
			projectRoot = "";
			targets = (
				D294E2912A17D55B001E74F1 /* iOS */,
			);
		};
/* End PBXProject section */

/* Begin PBXResourcesBuildPhase section */
		D294E2902A17D55B001E74F1 /* Resources */ = {
			isa = PBXResourcesBuildPhase;
			buildActionMask = 2147483647;
			files = (
				D294E2A22A17D55D001E74F1 /* LaunchScreen.storyboard in Resources */,
				D24F426B2A18CA5D00487260 /* Pretendard-Medium.otf in Resources */,
				D24F42692A18CA4500487260 /* Pretendard-Bold.otf in Resources */,
				D294E29F2A17D55D001E74F1 /* Assets.xcassets in Resources */,
				D294E29D2A17D55B001E74F1 /* Main.storyboard in Resources */,
			);
			runOnlyForDeploymentPostprocessing = 0;
		};
/* End PBXResourcesBuildPhase section */

/* Begin PBXSourcesBuildPhase section */
		D294E28E2A17D55B001E74F1 /* Sources */ = {
			isa = PBXSourcesBuildPhase;
			buildActionMask = 2147483647;
			files = (
				2AB74F842A191175005D5932 /* CheckTableViewCell.swift in Sources */,
				D294E2D42A17DE23001E74F1 /* BaseViewController.swift in Sources */,
				D263D8B02A18F879002BEEF5 /* PayViewController.swift in Sources */,
				D263D8B22A18F883002BEEF5 /* HomeViewController.swift in Sources */,
				D24F42662A18C94B00487260 /* UIFont+.swift in Sources */,
				1D5962882A192CE30050979A /* HomeView.swift in Sources */,
				2AB74F822A190DEF005D5932 /* Check.swift in Sources */,
				D294E2F12A17DFCA001E74F1 /* URLs.swift in Sources */,
				D294E2EC2A17DF5A001E74F1 /* UICollectionReusableView+.swift in Sources */,
				D294E2BE2A17DC83001E74F1 /* GenericResponse.swift in Sources */,
				D294E2DA2A17DE85001E74F1 /* UIViewController+.swift in Sources */,
				D263D8AE2A18F86C002BEEF5 /* CheckViewController.swift in Sources */,
				D294E2D82A17DE76001E74F1 /* UIView+.swift in Sources */,
				D294E2C42A17DCD1001E74F1 /* APIConstants.swift in Sources */,
				D294E2E22A17DEE8001E74F1 /* UILabel+.swift in Sources */,
				D294E2C82A17DCFF001E74F1 /* BaseTargetType.swift in Sources */,
				D294E2C02A17DC95001E74F1 /* SimpleResponse.swift in Sources */,
				D294E2CC2A17DD3A001E74F1 /* Config.swift in Sources */,
				D294E2E62A17DF17001E74F1 /* UIImageView+.swift in Sources */,
				D294E2CA2A17DD11001E74F1 /* AlamofireLogger.swift in Sources */,
				D294E2E82A17DF2F001E74F1 /* UITableHeaderFooterView+.swift in Sources */,
				D294E29A2A17D55B001E74F1 /* ViewController.swift in Sources */,
				D263D8A92A18F813002BEEF5 /* TabbarViewController.swift in Sources */,
				D294E2C22A17DCB7001E74F1 /* BaseAPI.swift in Sources */,
				D294E2EA2A17DF43001E74F1 /* UICollectionViewCell+.swift in Sources */,
				D294E2D02A17DD99001E74F1 /* VoidResult.swift in Sources */,
				D294E2962A17D55B001E74F1 /* AppDelegate.swift in Sources */,
				D294E2DC2A17DE9D001E74F1 /* UITableViewCell+.swift in Sources */,
				D294E2982A17D55B001E74F1 /* SceneDelegate.swift in Sources */,
				D294E2DE2A17DEBB001E74F1 /* UITextField+.swift in Sources */,
				D294E2C62A17DCE5001E74F1 /* NetworkResult.swift in Sources */,
				D294E2E02A17DED6001E74F1 /* UIColor+.swift in Sources */,
				D294E2E42A17DEFB001E74F1 /* UIButton+.swift in Sources */,
				D294E2EF2A17DFAE001E74F1 /* Image.swift in Sources */,
			);
			runOnlyForDeploymentPostprocessing = 0;
		};
/* End PBXSourcesBuildPhase section */

/* Begin PBXVariantGroup section */
		D294E29B2A17D55B001E74F1 /* Main.storyboard */ = {
			isa = PBXVariantGroup;
			children = (
				D294E29C2A17D55B001E74F1 /* Base */,
			);
			name = Main.storyboard;
			sourceTree = "<group>";
		};
		D294E2A02A17D55D001E74F1 /* LaunchScreen.storyboard */ = {
			isa = PBXVariantGroup;
			children = (
				D294E2A12A17D55D001E74F1 /* Base */,
			);
			name = LaunchScreen.storyboard;
			sourceTree = "<group>";
		};
/* End PBXVariantGroup section */

/* Begin XCBuildConfiguration section */
		D294E2A42A17D55D001E74F1 /* Debug */ = {
			isa = XCBuildConfiguration;
			buildSettings = {
				ALWAYS_SEARCH_USER_PATHS = NO;
				CLANG_ANALYZER_NONNULL = YES;
				CLANG_ANALYZER_NUMBER_OBJECT_CONVERSION = YES_AGGRESSIVE;
				CLANG_CXX_LANGUAGE_STANDARD = "gnu++20";
				CLANG_ENABLE_MODULES = YES;
				CLANG_ENABLE_OBJC_ARC = YES;
				CLANG_ENABLE_OBJC_WEAK = YES;
				CLANG_WARN_BLOCK_CAPTURE_AUTORELEASING = YES;
				CLANG_WARN_BOOL_CONVERSION = YES;
				CLANG_WARN_COMMA = YES;
				CLANG_WARN_CONSTANT_CONVERSION = YES;
				CLANG_WARN_DEPRECATED_OBJC_IMPLEMENTATIONS = YES;
				CLANG_WARN_DIRECT_OBJC_ISA_USAGE = YES_ERROR;
				CLANG_WARN_DOCUMENTATION_COMMENTS = YES;
				CLANG_WARN_EMPTY_BODY = YES;
				CLANG_WARN_ENUM_CONVERSION = YES;
				CLANG_WARN_INFINITE_RECURSION = YES;
				CLANG_WARN_INT_CONVERSION = YES;
				CLANG_WARN_NON_LITERAL_NULL_CONVERSION = YES;
				CLANG_WARN_OBJC_IMPLICIT_RETAIN_SELF = YES;
				CLANG_WARN_OBJC_LITERAL_CONVERSION = YES;
				CLANG_WARN_OBJC_ROOT_CLASS = YES_ERROR;
				CLANG_WARN_QUOTED_INCLUDE_IN_FRAMEWORK_HEADER = YES;
				CLANG_WARN_RANGE_LOOP_ANALYSIS = YES;
				CLANG_WARN_STRICT_PROTOTYPES = YES;
				CLANG_WARN_SUSPICIOUS_MOVE = YES;
				CLANG_WARN_UNGUARDED_AVAILABILITY = YES_AGGRESSIVE;
				CLANG_WARN_UNREACHABLE_CODE = YES;
				CLANG_WARN__DUPLICATE_METHOD_MATCH = YES;
				COPY_PHASE_STRIP = NO;
				DEBUG_INFORMATION_FORMAT = dwarf;
				ENABLE_STRICT_OBJC_MSGSEND = YES;
				ENABLE_TESTABILITY = YES;
				GCC_C_LANGUAGE_STANDARD = gnu11;
				GCC_DYNAMIC_NO_PIC = NO;
				GCC_NO_COMMON_BLOCKS = YES;
				GCC_OPTIMIZATION_LEVEL = 0;
				GCC_PREPROCESSOR_DEFINITIONS = (
					"DEBUG=1",
					"$(inherited)",
				);
				GCC_WARN_64_TO_32_BIT_CONVERSION = YES;
				GCC_WARN_ABOUT_RETURN_TYPE = YES_ERROR;
				GCC_WARN_UNDECLARED_SELECTOR = YES;
				GCC_WARN_UNINITIALIZED_AUTOS = YES_AGGRESSIVE;
				GCC_WARN_UNUSED_FUNCTION = YES;
				GCC_WARN_UNUSED_VARIABLE = YES;
				IPHONEOS_DEPLOYMENT_TARGET = 16.2;
				MTL_ENABLE_DEBUG_INFO = INCLUDE_SOURCE;
				MTL_FAST_MATH = YES;
				ONLY_ACTIVE_ARCH = YES;
				SDKROOT = iphoneos;
				SWIFT_ACTIVE_COMPILATION_CONDITIONS = DEBUG;
				SWIFT_OPTIMIZATION_LEVEL = "-Onone";
			};
			name = Debug;
		};
		D294E2A52A17D55D001E74F1 /* Release */ = {
			isa = XCBuildConfiguration;
			buildSettings = {
				ALWAYS_SEARCH_USER_PATHS = NO;
				CLANG_ANALYZER_NONNULL = YES;
				CLANG_ANALYZER_NUMBER_OBJECT_CONVERSION = YES_AGGRESSIVE;
				CLANG_CXX_LANGUAGE_STANDARD = "gnu++20";
				CLANG_ENABLE_MODULES = YES;
				CLANG_ENABLE_OBJC_ARC = YES;
				CLANG_ENABLE_OBJC_WEAK = YES;
				CLANG_WARN_BLOCK_CAPTURE_AUTORELEASING = YES;
				CLANG_WARN_BOOL_CONVERSION = YES;
				CLANG_WARN_COMMA = YES;
				CLANG_WARN_CONSTANT_CONVERSION = YES;
				CLANG_WARN_DEPRECATED_OBJC_IMPLEMENTATIONS = YES;
				CLANG_WARN_DIRECT_OBJC_ISA_USAGE = YES_ERROR;
				CLANG_WARN_DOCUMENTATION_COMMENTS = YES;
				CLANG_WARN_EMPTY_BODY = YES;
				CLANG_WARN_ENUM_CONVERSION = YES;
				CLANG_WARN_INFINITE_RECURSION = YES;
				CLANG_WARN_INT_CONVERSION = YES;
				CLANG_WARN_NON_LITERAL_NULL_CONVERSION = YES;
				CLANG_WARN_OBJC_IMPLICIT_RETAIN_SELF = YES;
				CLANG_WARN_OBJC_LITERAL_CONVERSION = YES;
				CLANG_WARN_OBJC_ROOT_CLASS = YES_ERROR;
				CLANG_WARN_QUOTED_INCLUDE_IN_FRAMEWORK_HEADER = YES;
				CLANG_WARN_RANGE_LOOP_ANALYSIS = YES;
				CLANG_WARN_STRICT_PROTOTYPES = YES;
				CLANG_WARN_SUSPICIOUS_MOVE = YES;
				CLANG_WARN_UNGUARDED_AVAILABILITY = YES_AGGRESSIVE;
				CLANG_WARN_UNREACHABLE_CODE = YES;
				CLANG_WARN__DUPLICATE_METHOD_MATCH = YES;
				COPY_PHASE_STRIP = NO;
				DEBUG_INFORMATION_FORMAT = "dwarf-with-dsym";
				ENABLE_NS_ASSERTIONS = NO;
				ENABLE_STRICT_OBJC_MSGSEND = YES;
				GCC_C_LANGUAGE_STANDARD = gnu11;
				GCC_NO_COMMON_BLOCKS = YES;
				GCC_WARN_64_TO_32_BIT_CONVERSION = YES;
				GCC_WARN_ABOUT_RETURN_TYPE = YES_ERROR;
				GCC_WARN_UNDECLARED_SELECTOR = YES;
				GCC_WARN_UNINITIALIZED_AUTOS = YES_AGGRESSIVE;
				GCC_WARN_UNUSED_FUNCTION = YES;
				GCC_WARN_UNUSED_VARIABLE = YES;
				IPHONEOS_DEPLOYMENT_TARGET = 16.2;
				MTL_ENABLE_DEBUG_INFO = NO;
				MTL_FAST_MATH = YES;
				SDKROOT = iphoneos;
				SWIFT_COMPILATION_MODE = wholemodule;
				SWIFT_OPTIMIZATION_LEVEL = "-O";
				VALIDATE_PRODUCT = YES;
			};
			name = Release;
		};
		D294E2A72A17D55D001E74F1 /* Debug */ = {
			isa = XCBuildConfiguration;
			buildSettings = {
				ASSETCATALOG_COMPILER_APPICON_NAME = AppIcon;
				ASSETCATALOG_COMPILER_GLOBAL_ACCENT_COLOR_NAME = AccentColor;
				CODE_SIGN_STYLE = Automatic;
				CURRENT_PROJECT_VERSION = 1;
				DEVELOPMENT_TEAM = 27VUFHH5W2;
				GENERATE_INFOPLIST_FILE = YES;
				INFOPLIST_FILE = iOS/Info.plist;
				INFOPLIST_KEY_UIApplicationSupportsIndirectInputEvents = YES;
				INFOPLIST_KEY_UILaunchStoryboardName = LaunchScreen;
				INFOPLIST_KEY_UIMainStoryboardFile = Main;
				INFOPLIST_KEY_UISupportedInterfaceOrientations_iPad = "UIInterfaceOrientationPortrait UIInterfaceOrientationPortraitUpsideDown UIInterfaceOrientationLandscapeLeft UIInterfaceOrientationLandscapeRight";
				INFOPLIST_KEY_UISupportedInterfaceOrientations_iPhone = "UIInterfaceOrientationPortrait UIInterfaceOrientationLandscapeLeft UIInterfaceOrientationLandscapeRight";
				LD_RUNPATH_SEARCH_PATHS = (
					"$(inherited)",
					"@executable_path/Frameworks",
				);
				MARKETING_VERSION = 1.0;
				PRODUCT_BUNDLE_IDENTIFIER = hellohidi.iOS;
				PRODUCT_NAME = "$(TARGET_NAME)";
				SWIFT_EMIT_LOC_STRINGS = YES;
				SWIFT_VERSION = 5.0;
				TARGETED_DEVICE_FAMILY = "1,2";
			};
			name = Debug;
		};
		D294E2A82A17D55D001E74F1 /* Release */ = {
			isa = XCBuildConfiguration;
			buildSettings = {
				ASSETCATALOG_COMPILER_APPICON_NAME = AppIcon;
				ASSETCATALOG_COMPILER_GLOBAL_ACCENT_COLOR_NAME = AccentColor;
				CODE_SIGN_STYLE = Automatic;
				CURRENT_PROJECT_VERSION = 1;
				DEVELOPMENT_TEAM = 27VUFHH5W2;
				GENERATE_INFOPLIST_FILE = YES;
				INFOPLIST_FILE = iOS/Info.plist;
				INFOPLIST_KEY_UIApplicationSupportsIndirectInputEvents = YES;
				INFOPLIST_KEY_UILaunchStoryboardName = LaunchScreen;
				INFOPLIST_KEY_UIMainStoryboardFile = Main;
				INFOPLIST_KEY_UISupportedInterfaceOrientations_iPad = "UIInterfaceOrientationPortrait UIInterfaceOrientationPortraitUpsideDown UIInterfaceOrientationLandscapeLeft UIInterfaceOrientationLandscapeRight";
				INFOPLIST_KEY_UISupportedInterfaceOrientations_iPhone = "UIInterfaceOrientationPortrait UIInterfaceOrientationLandscapeLeft UIInterfaceOrientationLandscapeRight";
				LD_RUNPATH_SEARCH_PATHS = (
					"$(inherited)",
					"@executable_path/Frameworks",
				);
				MARKETING_VERSION = 1.0;
				PRODUCT_BUNDLE_IDENTIFIER = hellohidi.iOS;
				PRODUCT_NAME = "$(TARGET_NAME)";
				SWIFT_EMIT_LOC_STRINGS = YES;
				SWIFT_VERSION = 5.0;
				TARGETED_DEVICE_FAMILY = "1,2";
			};
			name = Release;
		};
/* End XCBuildConfiguration section */

/* Begin XCConfigurationList section */
		D294E28D2A17D55B001E74F1 /* Build configuration list for PBXProject "iOS" */ = {
			isa = XCConfigurationList;
			buildConfigurations = (
				D294E2A42A17D55D001E74F1 /* Debug */,
				D294E2A52A17D55D001E74F1 /* Release */,
			);
			defaultConfigurationIsVisible = 0;
			defaultConfigurationName = Release;
		};
		D294E2A62A17D55D001E74F1 /* Build configuration list for PBXNativeTarget "iOS" */ = {
			isa = XCConfigurationList;
			buildConfigurations = (
				D294E2A72A17D55D001E74F1 /* Debug */,
				D294E2A82A17D55D001E74F1 /* Release */,
			);
			defaultConfigurationIsVisible = 0;
			defaultConfigurationName = Release;
		};
/* End XCConfigurationList section */

/* Begin XCRemoteSwiftPackageReference section */
		D294E2AB2A17D884001E74F1 /* XCRemoteSwiftPackageReference "SnapKit" */ = {
			isa = XCRemoteSwiftPackageReference;
			repositoryURL = "https://github.com/SnapKit/SnapKit";
			requirement = {
				branch = develop;
				kind = branch;
			};
		};
		D294E2AE2A17D88E001E74F1 /* XCRemoteSwiftPackageReference "Then" */ = {
			isa = XCRemoteSwiftPackageReference;
			repositoryURL = "https://github.com/devxoul/Then.git";
			requirement = {
				branch = master;
				kind = branch;
			};
		};
		D294E2B12A17D898001E74F1 /* XCRemoteSwiftPackageReference "Alamofire" */ = {
			isa = XCRemoteSwiftPackageReference;
			repositoryURL = "https://github.com/Alamofire/Alamofire";
			requirement = {
				branch = master;
				kind = branch;
			};
		};
		D294E2B42A17D8A2001E74F1 /* XCRemoteSwiftPackageReference "Kingfisher" */ = {
			isa = XCRemoteSwiftPackageReference;
			repositoryURL = "https://github.com/onevcat/Kingfisher";
			requirement = {
				branch = master;
				kind = branch;
			};
		};
/* End XCRemoteSwiftPackageReference section */

/* Begin XCSwiftPackageProductDependency section */
		D294E2AC2A17D884001E74F1 /* SnapKit */ = {
			isa = XCSwiftPackageProductDependency;
			package = D294E2AB2A17D884001E74F1 /* XCRemoteSwiftPackageReference "SnapKit" */;
			productName = SnapKit;
		};
		D294E2AF2A17D88E001E74F1 /* Then */ = {
			isa = XCSwiftPackageProductDependency;
			package = D294E2AE2A17D88E001E74F1 /* XCRemoteSwiftPackageReference "Then" */;
			productName = Then;
		};
		D294E2B22A17D898001E74F1 /* Alamofire */ = {
			isa = XCSwiftPackageProductDependency;
			package = D294E2B12A17D898001E74F1 /* XCRemoteSwiftPackageReference "Alamofire" */;
			productName = Alamofire;
		};
		D294E2B52A17D8A2001E74F1 /* Kingfisher */ = {
			isa = XCSwiftPackageProductDependency;
			package = D294E2B42A17D8A2001E74F1 /* XCRemoteSwiftPackageReference "Kingfisher" */;
			productName = Kingfisher;
		};
/* End XCSwiftPackageProductDependency section */
	};
	rootObject = D294E28A2A17D55B001E74F1 /* Project object */;
}
